// !$*UTF8*$!
{
	archiveVersion = 1;
	classes = {
	};
	objectVersion = 46;
	objects = {

/* Begin PBXBuildFile section */
		9894A89B1F368F1000DF07C9 /* AppDelegate.swift in Sources */ = {isa = PBXBuildFile; fileRef = 9894A89A1F368F1000DF07C9 /* AppDelegate.swift */; };
		9894A89D1F368F1000DF07C9 /* CalculatorVC.swift in Sources */ = {isa = PBXBuildFile; fileRef = 9894A89C1F368F1000DF07C9 /* CalculatorVC.swift */; };
		9894A8A01F368F1000DF07C9 /* Calculator.storyboard in Resources */ = {isa = PBXBuildFile; fileRef = 9894A89E1F368F1000DF07C9 /* Calculator.storyboard */; };
		9894A8A31F368F1000DF07C9 /* Interest_Calculator.xcdatamodeld in Sources */ = {isa = PBXBuildFile; fileRef = 9894A8A11F368F1000DF07C9 /* Interest_Calculator.xcdatamodeld */; };
		9894A8A51F368F1000DF07C9 /* Assets.xcassets in Resources */ = {isa = PBXBuildFile; fileRef = 9894A8A41F368F1000DF07C9 /* Assets.xcassets */; };
		9894A8A81F368F1000DF07C9 /* LaunchScreen.storyboard in Resources */ = {isa = PBXBuildFile; fileRef = 9894A8A61F368F1000DF07C9 /* LaunchScreen.storyboard */; };
		9894A8B31F368F1000DF07C9 /* Interest_CalculatorTests.swift in Sources */ = {isa = PBXBuildFile; fileRef = 9894A8B21F368F1000DF07C9 /* Interest_CalculatorTests.swift */; };
		9894A8BE1F368F1000DF07C9 /* Interest_CalculatorUITests.swift in Sources */ = {isa = PBXBuildFile; fileRef = 9894A8BD1F368F1000DF07C9 /* Interest_CalculatorUITests.swift */; };
/* End PBXBuildFile section */

/* Begin PBXContainerItemProxy section */
		9894A8AF1F368F1000DF07C9 /* PBXContainerItemProxy */ = {
			isa = PBXContainerItemProxy;
			containerPortal = 9894A88F1F368F1000DF07C9 /* Project object */;
			proxyType = 1;
			remoteGlobalIDString = 9894A8961F368F1000DF07C9;
			remoteInfo = "Interest Calculator";
		};
		9894A8BA1F368F1000DF07C9 /* PBXContainerItemProxy */ = {
			isa = PBXContainerItemProxy;
			containerPortal = 9894A88F1F368F1000DF07C9 /* Project object */;
			proxyType = 1;
			remoteGlobalIDString = 9894A8961F368F1000DF07C9;
			remoteInfo = "Interest Calculator";
		};
/* End PBXContainerItemProxy section */

/* Begin PBXFileReference section */
		9894A8971F368F1000DF07C9 /* Interest Calculator.app */ = {isa = PBXFileReference; explicitFileType = wrapper.application; includeInIndex = 0; path = "Interest Calculator.app"; sourceTree = BUILT_PRODUCTS_DIR; };
		9894A89A1F368F1000DF07C9 /* AppDelegate.swift */ = {isa = PBXFileReference; lastKnownFileType = sourcecode.swift; path = AppDelegate.swift; sourceTree = "<group>"; };
		9894A89C1F368F1000DF07C9 /* CalculatorVC.swift */ = {isa = PBXFileReference; lastKnownFileType = sourcecode.swift; path = CalculatorVC.swift; sourceTree = "<group>"; };
		9894A89F1F368F1000DF07C9 /* Base */ = {isa = PBXFileReference; lastKnownFileType = file.storyboard; name = Base; path = Base.lproj/Calculator.storyboard; sourceTree = "<group>"; };
		9894A8A21F368F1000DF07C9 /* Interest_Calculator.xcdatamodel */ = {isa = PBXFileReference; lastKnownFileType = wrapper.xcdatamodel; path = Interest_Calculator.xcdatamodel; sourceTree = "<group>"; };
		9894A8A41F368F1000DF07C9 /* Assets.xcassets */ = {isa = PBXFileReference; lastKnownFileType = folder.assetcatalog; path = Assets.xcassets; sourceTree = "<group>"; };
		9894A8A71F368F1000DF07C9 /* Base */ = {isa = PBXFileReference; lastKnownFileType = file.storyboard; name = Base; path = Base.lproj/LaunchScreen.storyboard; sourceTree = "<group>"; };
		9894A8A91F368F1000DF07C9 /* Info.plist */ = {isa = PBXFileReference; lastKnownFileType = text.plist.xml; path = Info.plist; sourceTree = "<group>"; };
		9894A8AE1F368F1000DF07C9 /* Interest CalculatorTests.xctest */ = {isa = PBXFileReference; explicitFileType = wrapper.cfbundle; includeInIndex = 0; path = "Interest CalculatorTests.xctest"; sourceTree = BUILT_PRODUCTS_DIR; };
		9894A8B21F368F1000DF07C9 /* Interest_CalculatorTests.swift */ = {isa = PBXFileReference; lastKnownFileType = sourcecode.swift; path = Interest_CalculatorTests.swift; sourceTree = "<group>"; };
		9894A8B41F368F1000DF07C9 /* Info.plist */ = {isa = PBXFileReference; lastKnownFileType = text.plist.xml; path = Info.plist; sourceTree = "<group>"; };
		9894A8B91F368F1000DF07C9 /* Interest CalculatorUITests.xctest */ = {isa = PBXFileReference; explicitFileType = wrapper.cfbundle; includeInIndex = 0; path = "Interest CalculatorUITests.xctest"; sourceTree = BUILT_PRODUCTS_DIR; };
		9894A8BD1F368F1000DF07C9 /* Interest_CalculatorUITests.swift */ = {isa = PBXFileReference; lastKnownFileType = sourcecode.swift; path = Interest_CalculatorUITests.swift; sourceTree = "<group>"; };
		9894A8BF1F368F1000DF07C9 /* Info.plist */ = {isa = PBXFileReference; lastKnownFileType = text.plist.xml; path = Info.plist; sourceTree = "<group>"; };
/* End PBXFileReference section */

/* Begin PBXFrameworksBuildPhase section */
		9894A8941F368F1000DF07C9 /* Frameworks */ = {
			isa = PBXFrameworksBuildPhase;
			buildActionMask = 2147483647;
			files = (
			);
			runOnlyForDeploymentPostprocessing = 0;
		};
		9894A8AB1F368F1000DF07C9 /* Frameworks */ = {
			isa = PBXFrameworksBuildPhase;
			buildActionMask = 2147483647;
			files = (
			);
			runOnlyForDeploymentPostprocessing = 0;
		};
		9894A8B61F368F1000DF07C9 /* Frameworks */ = {
			isa = PBXFrameworksBuildPhase;
			buildActionMask = 2147483647;
			files = (
			);
			runOnlyForDeploymentPostprocessing = 0;
		};
/* End PBXFrameworksBuildPhase section */

/* Begin PBXGroup section */
		9894A88E1F368F1000DF07C9 = {
			isa = PBXGroup;
			children = (
				9894A8991F368F1000DF07C9 /* Interest Calculator */,
				9894A8B11F368F1000DF07C9 /* Interest CalculatorTests */,
				9894A8BC1F368F1000DF07C9 /* Interest CalculatorUITests */,
				9894A8981F368F1000DF07C9 /* Products */,
			);
			sourceTree = "<group>";
		};
		9894A8981F368F1000DF07C9 /* Products */ = {
			isa = PBXGroup;
			children = (
				9894A8971F368F1000DF07C9 /* Interest Calculator.app */,
				9894A8AE1F368F1000DF07C9 /* Interest CalculatorTests.xctest */,
				9894A8B91F368F1000DF07C9 /* Interest CalculatorUITests.xctest */,
			);
			name = Products;
			sourceTree = "<group>";
		};
		9894A8991F368F1000DF07C9 /* Interest Calculator */ = {
			isa = PBXGroup;
			children = (
				9894A89A1F368F1000DF07C9 /* AppDelegate.swift */,
				9894A89C1F368F1000DF07C9 /* CalculatorVC.swift */,
				9894A89E1F368F1000DF07C9 /* Calculator.storyboard */,
				9894A8A41F368F1000DF07C9 /* Assets.xcassets */,
				9894A8A61F368F1000DF07C9 /* LaunchScreen.storyboard */,
				9894A8A91F368F1000DF07C9 /* Info.plist */,
				9894A8A11F368F1000DF07C9 /* Interest_Calculator.xcdatamodeld */,
			);
			path = "Interest Calculator";
			sourceTree = "<group>";
		};
		9894A8B11F368F1000DF07C9 /* Interest CalculatorTests */ = {
			isa = PBXGroup;
			children = (
				9894A8B21F368F1000DF07C9 /* Interest_CalculatorTests.swift */,
				9894A8B41F368F1000DF07C9 /* Info.plist */,
			);
			path = "Interest CalculatorTests";
			sourceTree = "<group>";
		};
		9894A8BC1F368F1000DF07C9 /* Interest CalculatorUITests */ = {
			isa = PBXGroup;
			children = (
				9894A8BD1F368F1000DF07C9 /* Interest_CalculatorUITests.swift */,
				9894A8BF1F368F1000DF07C9 /* Info.plist */,
			);
			path = "Interest CalculatorUITests";
			sourceTree = "<group>";
		};
/* End PBXGroup section */

/* Begin PBXNativeTarget section */
		9894A8961F368F1000DF07C9 /* Interest Calculator */ = {
			isa = PBXNativeTarget;
			buildConfigurationList = 9894A8C21F368F1000DF07C9 /* Build configuration list for PBXNativeTarget "Interest Calculator" */;
			buildPhases = (
				9894A8931F368F1000DF07C9 /* Sources */,
				9894A8941F368F1000DF07C9 /* Frameworks */,
				9894A8951F368F1000DF07C9 /* Resources */,
			);
			buildRules = (
			);
			dependencies = (
			);
			name = "Interest Calculator";
			productName = "Interest Calculator";
			productReference = 9894A8971F368F1000DF07C9 /* Interest Calculator.app */;
			productType = "com.apple.product-type.application";
		};
		9894A8AD1F368F1000DF07C9 /* Interest CalculatorTests */ = {
			isa = PBXNativeTarget;
			buildConfigurationList = 9894A8C51F368F1000DF07C9 /* Build configuration list for PBXNativeTarget "Interest CalculatorTests" */;
			buildPhases = (
				9894A8AA1F368F1000DF07C9 /* Sources */,
				9894A8AB1F368F1000DF07C9 /* Frameworks */,
				9894A8AC1F368F1000DF07C9 /* Resources */,
			);
			buildRules = (
			);
			dependencies = (
				9894A8B01F368F1000DF07C9 /* PBXTargetDependency */,
			);
			name = "Interest CalculatorTests";
			productName = "Interest CalculatorTests";
			productReference = 9894A8AE1F368F1000DF07C9 /* Interest CalculatorTests.xctest */;
			productType = "com.apple.product-type.bundle.unit-test";
		};
		9894A8B81F368F1000DF07C9 /* Interest CalculatorUITests */ = {
			isa = PBXNativeTarget;
			buildConfigurationList = 9894A8C81F368F1000DF07C9 /* Build configuration list for PBXNativeTarget "Interest CalculatorUITests" */;
			buildPhases = (
				9894A8B51F368F1000DF07C9 /* Sources */,
				9894A8B61F368F1000DF07C9 /* Frameworks */,
				9894A8B71F368F1000DF07C9 /* Resources */,
			);
			buildRules = (
			);
			dependencies = (
				9894A8BB1F368F1000DF07C9 /* PBXTargetDependency */,
			);
			name = "Interest CalculatorUITests";
			productName = "Interest CalculatorUITests";
			productReference = 9894A8B91F368F1000DF07C9 /* Interest CalculatorUITests.xctest */;
			productType = "com.apple.product-type.bundle.ui-testing";
		};
/* End PBXNativeTarget section */

/* Begin PBXProject section */
		9894A88F1F368F1000DF07C9 /* Project object */ = {
			isa = PBXProject;
			attributes = {
				LastSwiftUpdateCheck = 0830;
				LastUpgradeCheck = 0830;
				ORGANIZATIONNAME = "Eli Byers";
				TargetAttributes = {
					9894A8961F368F1000DF07C9 = {
						CreatedOnToolsVersion = 8.3.3;
						DevelopmentTeam = 24S3R988NC;
						ProvisioningStyle = Automatic;
					};
					9894A8AD1F368F1000DF07C9 = {
						CreatedOnToolsVersion = 8.3.3;
						DevelopmentTeam = 24S3R988NC;
						ProvisioningStyle = Automatic;
						TestTargetID = 9894A8961F368F1000DF07C9;
					};
					9894A8B81F368F1000DF07C9 = {
						CreatedOnToolsVersion = 8.3.3;
						DevelopmentTeam = 24S3R988NC;
						ProvisioningStyle = Automatic;
						TestTargetID = 9894A8961F368F1000DF07C9;
					};
				};
			};
			buildConfigurationList = 9894A8921F368F1000DF07C9 /* Build configuration list for PBXProject "Interest Calculator" */;
			compatibilityVersion = "Xcode 3.2";
			developmentRegion = English;
			hasScannedForEncodings = 0;
			knownRegions = (
				en,
				Base,
			);
			mainGroup = 9894A88E1F368F1000DF07C9;
			productRefGroup = 9894A8981F368F1000DF07C9 /* Products */;
			projectDirPath = "";
			projectRoot = "";
			targets = (
				9894A8961F368F1000DF07C9 /* Interest Calculator */,
				9894A8AD1F368F1000DF07C9 /* Interest CalculatorTests */,
				9894A8B81F368F1000DF07C9 /* Interest CalculatorUITests */,
			);
		};
/* End PBXProject section */

/* Begin PBXResourcesBuildPhase section */
		9894A8951F368F1000DF07C9 /* Resources */ = {
			isa = PBXResourcesBuildPhase;
			buildActionMask = 2147483647;
			files = (
				9894A8A81F368F1000DF07C9 /* LaunchScreen.storyboard in Resources */,
				9894A8A51F368F1000DF07C9 /* Assets.xcassets in Resources */,
				9894A8A01F368F1000DF07C9 /* Calculator.storyboard in Resources */,
			);
			runOnlyForDeploymentPostprocessing = 0;
		};
		9894A8AC1F368F1000DF07C9 /* Resources */ = {
			isa = PBXResourcesBuildPhase;
			buildActionMask = 2147483647;
			files = (
			);
			runOnlyForDeploymentPostprocessing = 0;
		};
		9894A8B71F368F1000DF07C9 /* Resources */ = {
			isa = PBXResourcesBuildPhase;
			buildActionMask = 2147483647;
			files = (
			);
			runOnlyForDeploymentPostprocessing = 0;
		};
/* End PBXResourcesBuildPhase section */

/* Begin PBXSourcesBuildPhase section */
		9894A8931F368F1000DF07C9 /* Sources */ = {
			isa = PBXSourcesBuildPhase;
			buildActionMask = 2147483647;
			files = (
				9894A89D1F368F1000DF07C9 /* CalculatorVC.swift in Sources */,
				9894A89B1F368F1000DF07C9 /* AppDelegate.swift in Sources */,
				9894A8A31F368F1000DF07C9 /* Interest_Calculator.xcdatamodeld in Sources */,
			);
			runOnlyForDeploymentPostprocessing = 0;
		};
		9894A8AA1F368F1000DF07C9 /* Sources */ = {
			isa = PBXSourcesBuildPhase;
			buildActionMask = 2147483647;
			files = (
				9894A8B31F368F1000DF07C9 /* Interest_CalculatorTests.swift in Sources */,
			);
			runOnlyForDeploymentPostprocessing = 0;
		};
		9894A8B51F368F1000DF07C9 /* Sources */ = {
			isa = PBXSourcesBuildPhase;
			buildActionMask = 2147483647;
			files = (
				9894A8BE1F368F1000DF07C9 /* Interest_CalculatorUITests.swift in Sources */,
			);
			runOnlyForDeploymentPostprocessing = 0;
		};
/* End PBXSourcesBuildPhase section */

/* Begin PBXTargetDependency section */
		9894A8B01F368F1000DF07C9 /* PBXTargetDependency */ = {
			isa = PBXTargetDependency;
			target = 9894A8961F368F1000DF07C9 /* Interest Calculator */;
			targetProxy = 9894A8AF1F368F1000DF07C9 /* PBXContainerItemProxy */;
		};
		9894A8BB1F368F1000DF07C9 /* PBXTargetDependency */ = {
			isa = PBXTargetDependency;
			target = 9894A8961F368F1000DF07C9 /* Interest Calculator */;
			targetProxy = 9894A8BA1F368F1000DF07C9 /* PBXContainerItemProxy */;
		};
/* End PBXTargetDependency section */

/* Begin PBXVariantGroup section */
		9894A89E1F368F1000DF07C9 /* Calculator.storyboard */ = {
			isa = PBXVariantGroup;
			children = (
				9894A89F1F368F1000DF07C9 /* Base */,
			);
			name = Calculator.storyboard;
			sourceTree = "<group>";
		};
		9894A8A61F368F1000DF07C9 /* LaunchScreen.storyboard */ = {
			isa = PBXVariantGroup;
			children = (
				9894A8A71F368F1000DF07C9 /* Base */,
			);
			name = LaunchScreen.storyboard;
			sourceTree = "<group>";
		};
/* End PBXVariantGroup section */

/* Begin XCBuildConfiguration section */
		9894A8C01F368F1000DF07C9 /* Debug */ = {
			isa = XCBuildConfiguration;
			buildSettings = {
				ALWAYS_SEARCH_USER_PATHS = NO;
				CLANG_ANALYZER_NONNULL = YES;
				CLANG_ANALYZER_NUMBER_OBJECT_CONVERSION = YES_AGGRESSIVE;
				CLANG_CXX_LANGUAGE_STANDARD = "gnu++0x";
				CLANG_CXX_LIBRARY = "libc++";
				CLANG_ENABLE_MODULES = YES;
				CLANG_ENABLE_OBJC_ARC = YES;
				CLANG_WARN_BOOL_CONVERSION = YES;
				CLANG_WARN_CONSTANT_CONVERSION = YES;
				CLANG_WARN_DIRECT_OBJC_ISA_USAGE = YES_ERROR;
				CLANG_WARN_DOCUMENTATION_COMMENTS = YES;
				CLANG_WARN_EMPTY_BODY = YES;
				CLANG_WARN_ENUM_CONVERSION = YES;
				CLANG_WARN_INFINITE_RECURSION = YES;
				CLANG_WARN_INT_CONVERSION = YES;
				CLANG_WARN_OBJC_ROOT_CLASS = YES_ERROR;
				CLANG_WARN_SUSPICIOUS_MOVE = YES;
				CLANG_WARN_UNREACHABLE_CODE = YES;
				CLANG_WARN__DUPLICATE_METHOD_MATCH = YES;
				"CODE_SIGN_IDENTITY[sdk=iphoneos*]" = "iPhone Developer";
				COPY_PHASE_STRIP = NO;
				DEBUG_INFORMATION_FORMAT = dwarf;
				ENABLE_STRICT_OBJC_MSGSEND = YES;
				ENABLE_TESTABILITY = YES;
				GCC_C_LANGUAGE_STANDARD = gnu99;
				GCC_DYNAMIC_NO_PIC = NO;
				GCC_NO_COMMON_BLOCKS = YES;
				GCC_OPTIMIZATION_LEVEL = 0;
				GCC_PREPROCESSOR_DEFINITIONS = (
					"DEBUG=1",
					"$(inherited)",
				);
				GCC_WARN_64_TO_32_BIT_CONVERSION = YES;
				GCC_WARN_ABOUT_RETURN_TYPE = YES_ERROR;
				GCC_WARN_UNDECLARED_SELECTOR = YES;
				GCC_WARN_UNINITIALIZED_AUTOS = YES_AGGRESSIVE;
				GCC_WARN_UNUSED_FUNCTION = YES;
				GCC_WARN_UNUSED_VARIABLE = YES;
				IPHONEOS_DEPLOYMENT_TARGET = 10.3;
				MTL_ENABLE_DEBUG_INFO = YES;
				ONLY_ACTIVE_ARCH = YES;
				SDKROOT = iphoneos;
				SWIFT_ACTIVE_COMPILATION_CONDITIONS = DEBUG;
				SWIFT_OPTIMIZATION_LEVEL = "-Onone";
				TARGETED_DEVICE_FAMILY = "1,2";
			};
			name = Debug;
		};
		9894A8C11F368F1000DF07C9 /* Release */ = {
			isa = XCBuildConfiguration;
			buildSettings = {
				ALWAYS_SEARCH_USER_PATHS = NO;
				CLANG_ANALYZER_NONNULL = YES;
				CLANG_ANALYZER_NUMBER_OBJECT_CONVERSION = YES_AGGRESSIVE;
				CLANG_CXX_LANGUAGE_STANDARD = "gnu++0x";
				CLANG_CXX_LIBRARY = "libc++";
				CLANG_ENABLE_MODULES = YES;
				CLANG_ENABLE_OBJC_ARC = YES;
				CLANG_WARN_BOOL_CONVERSION = YES;
				CLANG_WARN_CONSTANT_CONVERSION = YES;
				CLANG_WARN_DIRECT_OBJC_ISA_USAGE = YES_ERROR;
				CLANG_WARN_DOCUMENTATION_COMMENTS = YES;
				CLANG_WARN_EMPTY_BODY = YES;
				CLANG_WARN_ENUM_CONVERSION = YES;
				CLANG_WARN_INFINITE_RECURSION = YES;
				CLANG_WARN_INT_CONVERSION = YES;
				CLANG_WARN_OBJC_ROOT_CLASS = YES_ERROR;
				CLANG_WARN_SUSPICIOUS_MOVE = YES;
				CLANG_WARN_UNREACHABLE_CODE = YES;
				CLANG_WARN__DUPLICATE_METHOD_MATCH = YES;
				"CODE_SIGN_IDENTITY[sdk=iphoneos*]" = "iPhone Developer";
				COPY_PHASE_STRIP = NO;
				DEBUG_INFORMATION_FORMAT = "dwarf-with-dsym";
				ENABLE_NS_ASSERTIONS = NO;
				ENABLE_STRICT_OBJC_MSGSEND = YES;
				GCC_C_LANGUAGE_STANDARD = gnu99;
				GCC_NO_COMMON_BLOCKS = YES;
				GCC_WARN_64_TO_32_BIT_CONVERSION = YES;
				GCC_WARN_ABOUT_RETURN_TYPE = YES_ERROR;
				GCC_WARN_UNDECLARED_SELECTOR = YES;
				GCC_WARN_UNINITIALIZED_AUTOS = YES_AGGRESSIVE;
				GCC_WARN_UNUSED_FUNCTION = YES;
				GCC_WARN_UNUSED_VARIABLE = YES;
				IPHONEOS_DEPLOYMENT_TARGET = 10.3;
				MTL_ENABLE_DEBUG_INFO = NO;
				SDKROOT = iphoneos;
				SWIFT_OPTIMIZATION_LEVEL = "-Owholemodule";
				TARGETED_DEVICE_FAMILY = "1,2";
				VALIDATE_PRODUCT = YES;
			};
			name = Release;
		};
		9894A8C31F368F1000DF07C9 /* Debug */ = {
			isa = XCBuildConfiguration;
			buildSettings = {
				ASSETCATALOG_COMPILER_APPICON_NAME = AppIcon;
				DEVELOPMENT_TEAM = 24S3R988NC;
				INFOPLIST_FILE = "Interest Calculator/Info.plist";
				IPHONEOS_DEPLOYMENT_TARGET = 11.2;
				LD_RUNPATH_SEARCH_PATHS = "$(inherited) @executable_path/Frameworks";
				PRODUCT_BUNDLE_IDENTIFIER = "com.elibyers.Interest-Calculator";
				PRODUCT_NAME = "$(TARGET_NAME)";
				SWIFT_VERSION = 3.0;
			};
			name = Debug;
		};
		9894A8C41F368F1000DF07C9 /* Release */ = {
			isa = XCBuildConfiguration;
			buildSettings = {
				ASSETCATALOG_COMPILER_APPICON_NAME = AppIcon;
				DEVELOPMENT_TEAM = 24S3R988NC;
				INFOPLIST_FILE = "Interest Calculator/Info.plist";
				IPHONEOS_DEPLOYMENT_TARGET = 11.2;
				LD_RUNPATH_SEARCH_PATHS = "$(inherited) @executable_path/Frameworks";
				PRODUCT_BUNDLE_IDENTIFIER = "com.elibyers.Interest-Calculator";
				PRODUCT_NAME = "$(TARGET_NAME)";
				SWIFT_VERSION = 3.0;
			};
			name = Release;
		};
		9894A8C61F368F1000DF07C9 /* Debug */ = {
			isa = XCBuildConfiguration;
			buildSettings = {
				ALWAYS_EMBED_SWIFT_STANDARD_LIBRARIES = YES;
				BUNDLE_LOADER = "$(TEST_HOST)";
				DEVELOPMENT_TEAM = 24S3R988NC;
				INFOPLIST_FILE = "Interest CalculatorTests/Info.plist";
				LD_RUNPATH_SEARCH_PATHS = "$(inherited) @executable_path/Frameworks @loader_path/Frameworks";
				PRODUCT_BUNDLE_IDENTIFIER = "com.elibyers.Interest-CalculatorTests";
				PRODUCT_NAME = "$(TARGET_NAME)";
				SWIFT_VERSION = 3.0;
				TEST_HOST = "$(BUILT_PRODUCTS_DIR)/Interest Calculator.app/Interest Calculator";
			};
			name = Debug;
		};
		9894A8C71F368F1000DF07C9 /* Release */ = {
			isa = XCBuildConfiguration;
			buildSettings = {
				ALWAYS_EMBED_SWIFT_STANDARD_LIBRARIES = YES;
				BUNDLE_LOADER = "$(TEST_HOST)";
				DEVELOPMENT_TEAM = 24S3R988NC;
				INFOPLIST_FILE = "Interest CalculatorTests/Info.plist";
				LD_RUNPATH_SEARCH_PATHS = "$(inherited) @executable_path/Frameworks @loader_path/Frameworks";
				PRODUCT_BUNDLE_IDENTIFIER = "com.elibyers.Interest-CalculatorTests";
				PRODUCT_NAME = "$(TARGET_NAME)";
				SWIFT_VERSION = 3.0;
				TEST_HOST = "$(BUILT_PRODUCTS_DIR)/Interest Calculator.app/Interest Calculator";
			};
			name = Release;
		};
		9894A8C91F368F1000DF07C9 /* Debug */ = {
			isa = XCBuildConfiguration;
			buildSettings = {
				ALWAYS_EMBED_SWIFT_STANDARD_LIBRARIES = YES;
				DEVELOPMENT_TEAM = 24S3R988NC;
				INFOPLIST_FILE = "Interest CalculatorUITests/Info.plist";
				LD_RUNPATH_SEARCH_PATHS = "$(inherited) @executable_path/Frameworks @loader_path/Frameworks";
				PRODUCT_BUNDLE_IDENTIFIER = "com.elibyers.Interest-CalculatorUITests";
				PRODUCT_NAME = "$(TARGET_NAME)";
				SWIFT_VERSION = 3.0;
				TEST_TARGET_NAME = "Interest Calculator";
			};
			name = Debug;
		};
		9894A8CA1F368F1000DF07C9 /* Release */ = {
			isa = XCBuildConfiguration;
			buildSettings = {
				ALWAYS_EMBED_SWIFT_STANDARD_LIBRARIES = YES;
				DEVELOPMENT_TEAM = 24S3R988NC;
				INFOPLIST_FILE = "Interest CalculatorUITests/Info.plist";
				LD_RUNPATH_SEARCH_PATHS = "$(inherited) @executable_path/Frameworks @loader_path/Frameworks";
				PRODUCT_BUNDLE_IDENTIFIER = "com.elibyers.Interest-CalculatorUITests";
				PRODUCT_NAME = "$(TARGET_NAME)";
				SWIFT_VERSION = 3.0;
				TEST_TARGET_NAME = "Interest Calculator";
			};
			name = Release;
		};
/* End XCBuildConfiguration section */

/* Begin XCConfigurationList section */
		9894A8921F368F1000DF07C9 /* Build configuration list for PBXProject "Interest Calculator" */ = {
			isa = XCConfigurationList;
			buildConfigurations = (
				9894A8C01F368F1000DF07C9 /* Debug */,
				9894A8C11F368F1000DF07C9 /* Release */,
			);
			defaultConfigurationIsVisible = 0;
			defaultConfigurationName = Release;
		};
		9894A8C21F368F1000DF07C9 /* Build configuration list for PBXNativeTarget "Interest Calculator" */ = {
			isa = XCConfigurationList;
			buildConfigurations = (
				9894A8C31F368F1000DF07C9 /* Debug */,
				9894A8C41F368F1000DF07C9 /* Release */,
			);
			defaultConfigurationIsVisible = 0;
			defaultConfigurationName = Release;
		};
		9894A8C51F368F1000DF07C9 /* Build configuration list for PBXNativeTarget "Interest CalculatorTests" */ = {
			isa = XCConfigurationList;
			buildConfigurations = (
				9894A8C61F368F1000DF07C9 /* Debug */,
				9894A8C71F368F1000DF07C9 /* Release */,
			);
			defaultConfigurationIsVisible = 0;
			defaultConfigurationName = Release;
		};
		9894A8C81F368F1000DF07C9 /* Build configuration list for PBXNativeTarget "Interest CalculatorUITests" */ = {
			isa = XCConfigurationList;
			buildConfigurations = (
				9894A8C91F368F1000DF07C9 /* Debug */,
				9894A8CA1F368F1000DF07C9 /* Release */,
			);
			defaultConfigurationIsVisible = 0;
			defaultConfigurationName = Release;
		};
/* End XCConfigurationList section */

/* Begin XCVersionGroup section */
		9894A8A11F368F1000DF07C9 /* Interest_Calculator.xcdatamodeld */ = {
			isa = XCVersionGroup;
			children = (
				9894A8A21F368F1000DF07C9 /* Interest_Calculator.xcdatamodel */,
			);
			currentVersion = 9894A8A21F368F1000DF07C9 /* Interest_Calculator.xcdatamodel */;
			path = Interest_Calculator.xcdatamodeld;
			sourceTree = "<group>";
			versionGroupType = wrapper.xcdatamodel;
		};
/* End XCVersionGroup section */
	};
	rootObject = 9894A88F1F368F1000DF07C9 /* Project object */;
}
